{
  "name": "sdk-examp",
  "version": "0.0.1",
  "lockfileVersion": 1,
  "requires": true,
  "dependencies": {
    "@vant/weapp": {
      "version": "1.8.5",
      "resolved": "https://registry.npmjs.org/@vant/weapp/-/weapp-1.8.5.tgz",
      "integrity": "sha512-5tNtFB52m5utMOHU1iDWbEjlUhrfU0CYtSE4jrtlIQJl65r1pTQDKY/EaheZAVGVGG4Qnqbo34g7SpGL19x2dg=="
    },
    "dayjs": {
      "version": "1.10.7",
      "resolved": "https://registry.npmjs.org/dayjs/-/dayjs-1.10.7.tgz",
      "integrity": "sha512-P6twpd70BcPK34K26uJ1KT3wlhpuOAPoMwJzpsIWUxHZ7wpmbdZL/hQqBDfz7hGurYSa5PhzdhDHtt319hL3ig=="
    },
    "wa-bluetooth-sdk": {
      "version": "0.0.3",
      "resolved": "https://registry.npmjs.org/wa-bluetooth-sdk/-/wa-bluetooth-sdk-0.0.3.tgz",
      "integrity": "sha512-iQFGVjjcypMo5nucMxzqfj0+KklLk6d6gKu3sS0O4VIN3HQ4NVL7CkGKibbXIw8HLIboI6IZWsE+vNEan9EURw=="
    }
  }
}
